{
  "name": "openclaw-facebook-posting",
  "version": "1.0.0",
  "lockfileVersion": 3,
  "requires": true,
  "packages": {
    "": {
      "name": "openclaw-facebook-posting",
      "version": "1.0.0",
      "license": "MIT",
      "bin": {
        "openclaw-facebook-posting": "index.js"
      },
      "engines": {
        "node": ">=14.0.0"
      }
    }
  }
}
